schema: '2.0'
stages:
  split:
    cmd: python src/data/data_split.py
    deps:
    - path: data/raw
      hash: md5
      md5: 41dee78430cbebe25be9986bbb599d4a.dir
      size: 333757
      nfiles: 1
    - path: src/data/data_split.py
      hash: md5
      md5: b6b1aa76bbed634c1618bdd9b410ffa9
      size: 1204
    outs:
    - path: data/processed/split
      hash: md5
      md5: 9a6769239a4224f0d209c4ced12ac512.dir
      size: 294499
      nfiles: 4
  normalize:
    cmd: python src/data/normalize.py
    deps:
    - path: data/processed/split
      hash: md5
      md5: 9a6769239a4224f0d209c4ced12ac512.dir
      size: 294499
      nfiles: 4
    - path: src/data/normalize.py
      hash: md5
      md5: 79912833542c8e73dea2a723a20202b4
      size: 1793
    outs:
    - path: data/processed/scaled
      hash: md5
      md5: f9bf7375f12ea1ed3578c44732a6c0dd.dir
      size: 283785
      nfiles: 2
  gridsearch:
    cmd: python src/models/grid_search.py
    deps:
    - path: data/processed/scaled
      hash: md5
      md5: f9bf7375f12ea1ed3578c44732a6c0dd.dir
      size: 283785
      nfiles: 2
    - path: data/processed/split
      hash: md5
      md5: 9a6769239a4224f0d209c4ced12ac512.dir
      size: 294499
      nfiles: 4
    - path: src/models/grid_search.py
      hash: md5
      md5: b4b5a44264ae15214e83df4df57d4f6d
      size: 1829
    outs:
    - path: models/data
      hash: md5
      md5: b1708287ea6ee74221a09ac2f4d22b83.dir
      size: 75
      nfiles: 1
  training:
    cmd: python src/models/training.py
    deps:
    - path: data/processed/scaled
      hash: md5
      md5: f9bf7375f12ea1ed3578c44732a6c0dd.dir
      size: 283785
      nfiles: 2
    - path: data/processed/split
      hash: md5
      md5: 9a6769239a4224f0d209c4ced12ac512.dir
      size: 294499
      nfiles: 4
    - path: models/data
      hash: md5
      md5: b1708287ea6ee74221a09ac2f4d22b83.dir
      size: 75
      nfiles: 1
    - path: src/models/training.py
      hash: md5
      md5: 159b47337e64b376450693b90b8b3b10
      size: 1448
    outs:
    - path: models/models
      hash: md5
      md5: 5fcbf7217b77f2ccc25fa9350d3c1325.dir
      size: 145485
      nfiles: 1
  evaluate:
    cmd: python src/models/evaluate.py
    deps:
    - path: data/processed/scaled
      hash: md5
      md5: f9bf7375f12ea1ed3578c44732a6c0dd.dir
      size: 283785
      nfiles: 2
    - path: data/processed/split
      hash: md5
      md5: 9a6769239a4224f0d209c4ced12ac512.dir
      size: 294499
      nfiles: 4
    - path: models/models
      hash: md5
      md5: 5fcbf7217b77f2ccc25fa9350d3c1325.dir
      size: 145485
      nfiles: 1
    - path: src/models/evaluate.py
      hash: md5
      md5: 4114fde0c270e6d781eff1088a2ca777
      size: 1874
    outs:
    - path: data/predicted
      hash: md5
      md5: 329ba011715e8560b7e75b6d1a4f9d5e.dir
      size: 8475
      nfiles: 1
    - path: metrics/scores.json
      hash: md5
      md5: 2df602a1095c1d24c6d7a892f64493e9
      size: 61
